<Solution>
  <Folder Name="/src/">
    <Project Path="src/SampleApp.Api/SampleApp.Api.csproj" />
    <Project Path="src/SampleApp.Application/SampleApp.Application.csproj" />
    <Project Path="src/SampleApp.Domain/SampleApp.Domain.csproj" />
    <Project Path="src/SampleApp.Infrastructure/SampleApp.Infrastructure.csproj" />
    <Project Path="src/SampleApp.Migrations/SampleApp.Migrations.csproj" />
    <Project Path="src/SampleApp.Unit/SampleApp.Unit.csproj" />
  </Folder>
</Solution>
