<Solution>
  <Folder Name="/src/">
    <Project Path="src/CleanArch.Api/CleanArch.Api.csproj" />
    <Project Path="src/CleanArch.Application/CleanArch.Application.csproj" />
    <Project Path="src/CleanArch.Domain/CleanArch.Domain.csproj" />
    <Project Path="src/CleanArch.Infrastructure/CleanArch.Infrastructure.csproj" />
    <Project Path="src/CleanArch.Migrations/CleanArch.Migrations.csproj" />
    <Project Path="src/CleanArch.Unit/CleanArch.Unit.csproj" />
  </Folder>
</Solution>
